
Microsoft Visual Studio Solution File, Format Version 12.00
# Visual Studio Version 16
VisualStudioVersion = 16.0.30907.101
MinimumVisualStudioVersion = 10.0.40219.1
Project("{8BC9CEB8-8B4A-11D0-8D11-00A0C91BC942}") = "EasyTcpServer2.0", "EasyTcpClient2.0\EasyTcpClient2.0.vcxproj", "{D865AD39-7A9A-4CD3-B3B3-90A33202F263}"
EndProject
Project("{8BC9CEB8-8B4A-11D0-8D11-00A0C91BC942}") = "EasyTcpClient", "EasyTcpClient\EasyTcpClient.vcxproj", "{3CF9EA36-723F-47C5-AA79-DC5BCEA40598}"
EndProject
Global
	GlobalSection(SolutionConfigurationPlatforms) = preSolution
		Debug|x64 = Debug|x64
		Debug|x86 = Debug|x86
		Release|x64 = Release|x64
		Release|x86 = Release|x86
	EndGlobalSection
	GlobalSection(ProjectConfigurationPlatforms) = postSolution
		{D865AD39-7A9A-4CD3-B3B3-90A33202F263}.Debug|x64.ActiveCfg = Debug|x64
		{D865AD39-7A9A-4CD3-B3B3-90A33202F263}.Debug|x64.Build.0 = Debug|x64
		{D865AD39-7A9A-4CD3-B3B3-90A33202F263}.Debug|x86.ActiveCfg = Debug|Win32
		{D865AD39-7A9A-4CD3-B3B3-90A33202F263}.Debug|x86.Build.0 = Debug|Win32
		{D865AD39-7A9A-4CD3-B3B3-90A33202F263}.Release|x64.ActiveCfg = Release|x64
		{D865AD39-7A9A-4CD3-B3B3-90A33202F263}.Release|x64.Build.0 = Release|x64
		{D865AD39-7A9A-4CD3-B3B3-90A33202F263}.Release|x86.ActiveCfg = Release|Win32
		{D865AD39-7A9A-4CD3-B3B3-90A33202F263}.Release|x86.Build.0 = Release|Win32
		{3CF9EA36-723F-47C5-AA79-DC5BCEA40598}.Debug|x64.ActiveCfg = Debug|x64
		{3CF9EA36-723F-47C5-AA79-DC5BCEA40598}.Debug|x64.Build.0 = Debug|x64
		{3CF9EA36-723F-47C5-AA79-DC5BCEA40598}.Debug|x86.ActiveCfg = Debug|Win32
		{3CF9EA36-723F-47C5-AA79-DC5BCEA40598}.Debug|x86.Build.0 = Debug|Win32
		{3CF9EA36-723F-47C5-AA79-DC5BCEA40598}.Release|x64.ActiveCfg = Release|x64
		{3CF9EA36-723F-47C5-AA79-DC5BCEA40598}.Release|x64.Build.0 = Release|x64
		{3CF9EA36-723F-47C5-AA79-DC5BCEA40598}.Release|x86.ActiveCfg = Release|Win32
		{3CF9EA36-723F-47C5-AA79-DC5BCEA40598}.Release|x86.Build.0 = Release|Win32
	EndGlobalSection
	GlobalSection(SolutionProperties) = preSolution
		HideSolutionNode = FALSE
	EndGlobalSection
	GlobalSection(ExtensibilityGlobals) = postSolution
		SolutionGuid = {FAC53EAC-DB45-43E1-A70C-C956D3BD22DC}
	EndGlobalSection
EndGlobal
